// !$*UTF8*$!
{
	archiveVersion = 1;
	classes = {
	};
	objectVersion = 46;
	objects = {

/* Begin PBXBuildFile section */
		4A7183355A46111D6B2A60E3 /* Pods_MyOCR.framework in Frameworks */ = {isa = PBXBuildFile; fileRef = 83511A9BC32EDCBD738E0C10 /* Pods_MyOCR.framework */; };
		538CF4CB1F35834C008E9318 /* AppDelegate.swift in Sources */ = {isa = PBXBuildFile; fileRef = 538CF4CA1F35834C008E9318 /* AppDelegate.swift */; };
		538CF4CD1F35834C008E9318 /* ViewController.swift in Sources */ = {isa = PBXBuildFile; fileRef = 538CF4CC1F35834C008E9318 /* ViewController.swift */; };
		538CF4D01F35834C008E9318 /* Main.storyboard in Resources */ = {isa = PBXBuildFile; fileRef = 538CF4CE1F35834C008E9318 /* Main.storyboard */; };
		538CF4D21F35834C008E9318 /* Assets.xcassets in Resources */ = {isa = PBXBuildFile; fileRef = 538CF4D11F35834C008E9318 /* Assets.xcassets */; };
		538CF4D51F35834C008E9318 /* LaunchScreen.storyboard in Resources */ = {isa = PBXBuildFile; fileRef = 538CF4D31F35834C008E9318 /* LaunchScreen.storyboard */; };
/* End PBXBuildFile section */

/* Begin PBXFileReference section */
		50040F4FD04CA815C41AFDD4 /* Pods-MyOCR.debug.xcconfig */ = {isa = PBXFileReference; includeInIndex = 1; lastKnownFileType = text.xcconfig; name = "Pods-MyOCR.debug.xcconfig"; path = "Pods/Target Support Files/Pods-MyOCR/Pods-MyOCR.debug.xcconfig"; sourceTree = "<group>"; };
		538CF4C71F35834C008E9318 /* MyOCR.app */ = {isa = PBXFileReference; explicitFileType = wrapper.application; includeInIndex = 0; path = MyOCR.app; sourceTree = BUILT_PRODUCTS_DIR; };
		538CF4CA1F35834C008E9318 /* AppDelegate.swift */ = {isa = PBXFileReference; lastKnownFileType = sourcecode.swift; path = AppDelegate.swift; sourceTree = "<group>"; };
		538CF4CC1F35834C008E9318 /* ViewController.swift */ = {isa = PBXFileReference; lastKnownFileType = sourcecode.swift; path = ViewController.swift; sourceTree = "<group>"; };
		538CF4CF1F35834C008E9318 /* Base */ = {isa = PBXFileReference; lastKnownFileType = file.storyboard; name = Base; path = Base.lproj/Main.storyboard; sourceTree = "<group>"; };
		538CF4D11F35834C008E9318 /* Assets.xcassets */ = {isa = PBXFileReference; lastKnownFileType = folder.assetcatalog; path = Assets.xcassets; sourceTree = "<group>"; };
		538CF4D41F35834C008E9318 /* Base */ = {isa = PBXFileReference; lastKnownFileType = file.storyboard; name = Base; path = Base.lproj/LaunchScreen.storyboard; sourceTree = "<group>"; };
		538CF4D61F35834C008E9318 /* Info.plist */ = {isa = PBXFileReference; lastKnownFileType = text.plist.xml; path = Info.plist; sourceTree = "<group>"; };
		83511A9BC32EDCBD738E0C10 /* Pods_MyOCR.framework */ = {isa = PBXFileReference; explicitFileType = wrapper.framework; includeInIndex = 0; path = Pods_MyOCR.framework; sourceTree = BUILT_PRODUCTS_DIR; };
		D6EAF03EEAD9F049E9E4169E /* Pods-MyOCR.release.xcconfig */ = {isa = PBXFileReference; includeInIndex = 1; lastKnownFileType = text.xcconfig; name = "Pods-MyOCR.release.xcconfig"; path = "Pods/Target Support Files/Pods-MyOCR/Pods-MyOCR.release.xcconfig"; sourceTree = "<group>"; };
/* End PBXFileReference section */

/* Begin PBXFrameworksBuildPhase section */
		538CF4C41F35834C008E9318 /* Frameworks */ = {
			isa = PBXFrameworksBuildPhase;
			buildActionMask = 2147483647;
			files = (
				4A7183355A46111D6B2A60E3 /* Pods_MyOCR.framework in Frameworks */,
			);
			runOnlyForDeploymentPostprocessing = 0;
		};
/* End PBXFrameworksBuildPhase section */

/* Begin PBXGroup section */
		538CF4BE1F35834C008E9318 = {
			isa = PBXGroup;
			children = (
				538CF4C91F35834C008E9318 /* MyOCR */,
				538CF4C81F35834C008E9318 /* Products */,
				FAFF3737CE176EB53E85A045 /* Pods */,
				D9AEF11DA40FC46FACDB072C /* Frameworks */,
			);
			sourceTree = "<group>";
		};
		538CF4C81F35834C008E9318 /* Products */ = {
			isa = PBXGroup;
			children = (
				538CF4C71F35834C008E9318 /* MyOCR.app */,
			);
			name = Products;
			sourceTree = "<group>";
		};
		538CF4C91F35834C008E9318 /* MyOCR */ = {
			isa = PBXGroup;
			children = (
				538CF4CA1F35834C008E9318 /* AppDelegate.swift */,
				538CF4CC1F35834C008E9318 /* ViewController.swift */,
				538CF4CE1F35834C008E9318 /* Main.storyboard */,
				538CF4D11F35834C008E9318 /* Assets.xcassets */,
				538CF4D31F35834C008E9318 /* LaunchScreen.storyboard */,
				538CF4D61F35834C008E9318 /* Info.plist */,
			);
			path = MyOCR;
			sourceTree = "<group>";
		};
		D9AEF11DA40FC46FACDB072C /* Frameworks */ = {
			isa = PBXGroup;
			children = (
				83511A9BC32EDCBD738E0C10 /* Pods_MyOCR.framework */,
			);
			name = Frameworks;
			sourceTree = "<group>";
		};
		FAFF3737CE176EB53E85A045 /* Pods */ = {
			isa = PBXGroup;
			children = (
				50040F4FD04CA815C41AFDD4 /* Pods-MyOCR.debug.xcconfig */,
				D6EAF03EEAD9F049E9E4169E /* Pods-MyOCR.release.xcconfig */,
			);
			name = Pods;
			sourceTree = "<group>";
		};
/* End PBXGroup section */

/* Begin PBXNativeTarget section */
		538CF4C61F35834C008E9318 /* MyOCR */ = {
			isa = PBXNativeTarget;
			buildConfigurationList = 538CF4D91F35834C008E9318 /* Build configuration list for PBXNativeTarget "MyOCR" */;
			buildPhases = (
				9C69F2134ADE30BEF8EA8D99 /* [CP] Check Pods Manifest.lock */,
				538CF4C31F35834C008E9318 /* Sources */,
				538CF4C41F35834C008E9318 /* Frameworks */,
				538CF4C51F35834C008E9318 /* Resources */,
				8A3F6BB4E99601DF39777853 /* [CP] Embed Pods Frameworks */,
				5F1DA4F654C7FBB866B00576 /* [CP] Copy Pods Resources */,
			);
			buildRules = (
			);
			dependencies = (
			);
			name = MyOCR;
			productName = MyOCR;
			productReference = 538CF4C71F35834C008E9318 /* MyOCR.app */;
			productType = "com.apple.product-type.application";
		};
/* End PBXNativeTarget section */

/* Begin PBXProject section */
		538CF4BF1F35834C008E9318 /* Project object */ = {
			isa = PBXProject;
			attributes = {
				LastSwiftUpdateCheck = 0830;
				LastUpgradeCheck = 0830;
				ORGANIZATIONNAME = "桑島侑己";
				TargetAttributes = {
					538CF4C61F35834C008E9318 = {
						CreatedOnToolsVersion = 8.3.2;
						DevelopmentTeam = 7KBT9HS966;
						ProvisioningStyle = Automatic;
					};
				};
			};
			buildConfigurationList = 538CF4C21F35834C008E9318 /* Build configuration list for PBXProject "MyOCR" */;
			compatibilityVersion = "Xcode 3.2";
			developmentRegion = English;
			hasScannedForEncodings = 0;
			knownRegions = (
				en,
				Base,
			);
			mainGroup = 538CF4BE1F35834C008E9318;
			productRefGroup = 538CF4C81F35834C008E9318 /* Products */;
			projectDirPath = "";
			projectRoot = "";
			targets = (
				538CF4C61F35834C008E9318 /* MyOCR */,
			);
		};
/* End PBXProject section */

/* Begin PBXResourcesBuildPhase section */
		538CF4C51F35834C008E9318 /* Resources */ = {
			isa = PBXResourcesBuildPhase;
			buildActionMask = 2147483647;
			files = (
				538CF4D51F35834C008E9318 /* LaunchScreen.storyboard in Resources */,
				538CF4D21F35834C008E9318 /* Assets.xcassets in Resources */,
				538CF4D01F35834C008E9318 /* Main.storyboard in Resources */,
			);
			runOnlyForDeploymentPostprocessing = 0;
		};
/* End PBXResourcesBuildPhase section */

/* Begin PBXShellScriptBuildPhase section */
		5F1DA4F654C7FBB866B00576 /* [CP] Copy Pods Resources */ = {
			isa = PBXShellScriptBuildPhase;
			buildActionMask = 2147483647;
			files = (
			);
			inputPaths = (
			);
			name = "[CP] Copy Pods Resources";
			outputPaths = (
			);
			runOnlyForDeploymentPostprocessing = 0;
			shellPath = /bin/sh;
			shellScript = "\"${SRCROOT}/Pods/Target Support Files/Pods-MyOCR/Pods-MyOCR-resources.sh\"\n";
			showEnvVarsInLog = 0;
		};
		8A3F6BB4E99601DF39777853 /* [CP] Embed Pods Frameworks */ = {
			isa = PBXShellScriptBuildPhase;
			buildActionMask = 2147483647;
			files = (
			);
			inputPaths = (
			);
			name = "[CP] Embed Pods Frameworks";
			outputPaths = (
			);
			runOnlyForDeploymentPostprocessing = 0;
			shellPath = /bin/sh;
			shellScript = "\"${SRCROOT}/Pods/Target Support Files/Pods-MyOCR/Pods-MyOCR-frameworks.sh\"\n";
			showEnvVarsInLog = 0;
		};
		9C69F2134ADE30BEF8EA8D99 /* [CP] Check Pods Manifest.lock */ = {
			isa = PBXShellScriptBuildPhase;
			buildActionMask = 2147483647;
			files = (
			);
			inputPaths = (
			);
			name = "[CP] Check Pods Manifest.lock";
			outputPaths = (
			);
			runOnlyForDeploymentPostprocessing = 0;
			shellPath = /bin/sh;
			shellScript = "diff \"${PODS_PODFILE_DIR_PATH}/Podfile.lock\" \"${PODS_ROOT}/Manifest.lock\" > /dev/null\nif [ $? != 0 ] ; then\n    # print error to STDERR\n    echo \"error: The sandbox is not in sync with the Podfile.lock. Run 'pod install' or update your CocoaPods installation.\" >&2\n    exit 1\nfi\n";
			showEnvVarsInLog = 0;
		};
/* End PBXShellScriptBuildPhase section */

/* Begin PBXSourcesBuildPhase section */
		538CF4C31F35834C008E9318 /* Sources */ = {
			isa = PBXSourcesBuildPhase;
			buildActionMask = 2147483647;
			files = (
				538CF4CD1F35834C008E9318 /* ViewController.swift in Sources */,
				538CF4CB1F35834C008E9318 /* AppDelegate.swift in Sources */,
			);
			runOnlyForDeploymentPostprocessing = 0;
		};
/* End PBXSourcesBuildPhase section */

/* Begin PBXVariantGroup section */
		538CF4CE1F35834C008E9318 /* Main.storyboard */ = {
			isa = PBXVariantGroup;
			children = (
				538CF4CF1F35834C008E9318 /* Base */,
			);
			name = Main.storyboard;
			sourceTree = "<group>";
		};
		538CF4D31F35834C008E9318 /* LaunchScreen.storyboard */ = {
			isa = PBXVariantGroup;
			children = (
				538CF4D41F35834C008E9318 /* Base */,
			);
			name = LaunchScreen.storyboard;
			sourceTree = "<group>";
		};
/* End PBXVariantGroup section */

/* Begin XCBuildConfiguration section */
		538CF4D71F35834C008E9318 /* Debug */ = {
			isa = XCBuildConfiguration;
			buildSettings = {
				ALWAYS_SEARCH_USER_PATHS = NO;
				CLANG_ANALYZER_NONNULL = YES;
				CLANG_ANALYZER_NUMBER_OBJECT_CONVERSION = YES_AGGRESSIVE;
				CLANG_CXX_LANGUAGE_STANDARD = "gnu++0x";
				CLANG_CXX_LIBRARY = "libc++";
				CLANG_ENABLE_MODULES = YES;
				CLANG_ENABLE_OBJC_ARC = YES;
				CLANG_WARN_BOOL_CONVERSION = YES;
				CLANG_WARN_CONSTANT_CONVERSION = YES;
				CLANG_WARN_DIRECT_OBJC_ISA_USAGE = YES_ERROR;
				CLANG_WARN_DOCUMENTATION_COMMENTS = YES;
				CLANG_WARN_EMPTY_BODY = YES;
				CLANG_WARN_ENUM_CONVERSION = YES;
				CLANG_WARN_INFINITE_RECURSION = YES;
				CLANG_WARN_INT_CONVERSION = YES;
				CLANG_WARN_OBJC_ROOT_CLASS = YES_ERROR;
				CLANG_WARN_SUSPICIOUS_MOVE = YES;
				CLANG_WARN_UNREACHABLE_CODE = YES;
				CLANG_WARN__DUPLICATE_METHOD_MATCH = YES;
				"CODE_SIGN_IDENTITY[sdk=iphoneos*]" = "iPhone Developer";
				COPY_PHASE_STRIP = NO;
				DEBUG_INFORMATION_FORMAT = dwarf;
				ENABLE_STRICT_OBJC_MSGSEND = YES;
				ENABLE_TESTABILITY = YES;
				GCC_C_LANGUAGE_STANDARD = gnu99;
				GCC_DYNAMIC_NO_PIC = NO;
				GCC_NO_COMMON_BLOCKS = YES;
				GCC_OPTIMIZATION_LEVEL = 0;
				GCC_PREPROCESSOR_DEFINITIONS = (
					"DEBUG=1",
					"$(inherited)",
				);
				GCC_WARN_64_TO_32_BIT_CONVERSION = YES;
				GCC_WARN_ABOUT_RETURN_TYPE = YES_ERROR;
				GCC_WARN_UNDECLARED_SELECTOR = YES;
				GCC_WARN_UNINITIALIZED_AUTOS = YES_AGGRESSIVE;
				GCC_WARN_UNUSED_FUNCTION = YES;
				GCC_WARN_UNUSED_VARIABLE = YES;
				IPHONEOS_DEPLOYMENT_TARGET = 10.3;
				MTL_ENABLE_DEBUG_INFO = YES;
				ONLY_ACTIVE_ARCH = YES;
				SDKROOT = iphoneos;
				SWIFT_ACTIVE_COMPILATION_CONDITIONS = DEBUG;
				SWIFT_OPTIMIZATION_LEVEL = "-Onone";
			};
			name = Debug;
		};
		538CF4D81F35834C008E9318 /* Release */ = {
			isa = XCBuildConfiguration;
			buildSettings = {
				ALWAYS_SEARCH_USER_PATHS = NO;
				CLANG_ANALYZER_NONNULL = YES;
				CLANG_ANALYZER_NUMBER_OBJECT_CONVERSION = YES_AGGRESSIVE;
				CLANG_CXX_LANGUAGE_STANDARD = "gnu++0x";
				CLANG_CXX_LIBRARY = "libc++";
				CLANG_ENABLE_MODULES = YES;
				CLANG_ENABLE_OBJC_ARC = YES;
				CLANG_WARN_BOOL_CONVERSION = YES;
				CLANG_WARN_CONSTANT_CONVERSION = YES;
				CLANG_WARN_DIRECT_OBJC_ISA_USAGE = YES_ERROR;
				CLANG_WARN_DOCUMENTATION_COMMENTS = YES;
				CLANG_WARN_EMPTY_BODY = YES;
				CLANG_WARN_ENUM_CONVERSION = YES;
				CLANG_WARN_INFINITE_RECURSION = YES;
				CLANG_WARN_INT_CONVERSION = YES;
				CLANG_WARN_OBJC_ROOT_CLASS = YES_ERROR;
				CLANG_WARN_SUSPICIOUS_MOVE = YES;
				CLANG_WARN_UNREACHABLE_CODE = YES;
				CLANG_WARN__DUPLICATE_METHOD_MATCH = YES;
				"CODE_SIGN_IDENTITY[sdk=iphoneos*]" = "iPhone Developer";
				COPY_PHASE_STRIP = NO;
				DEBUG_INFORMATION_FORMAT = "dwarf-with-dsym";
				ENABLE_NS_ASSERTIONS = NO;
				ENABLE_STRICT_OBJC_MSGSEND = YES;
				GCC_C_LANGUAGE_STANDARD = gnu99;
				GCC_NO_COMMON_BLOCKS = YES;
				GCC_WARN_64_TO_32_BIT_CONVERSION = YES;
				GCC_WARN_ABOUT_RETURN_TYPE = YES_ERROR;
				GCC_WARN_UNDECLARED_SELECTOR = YES;
				GCC_WARN_UNINITIALIZED_AUTOS = YES_AGGRESSIVE;
				GCC_WARN_UNUSED_FUNCTION = YES;
				GCC_WARN_UNUSED_VARIABLE = YES;
				IPHONEOS_DEPLOYMENT_TARGET = 10.3;
				MTL_ENABLE_DEBUG_INFO = NO;
				SDKROOT = iphoneos;
				SWIFT_OPTIMIZATION_LEVEL = "-Owholemodule";
				VALIDATE_PRODUCT = YES;
			};
			name = Release;
		};
		538CF4DA1F35834C008E9318 /* Debug */ = {
			isa = XCBuildConfiguration;
			baseConfigurationReference = 50040F4FD04CA815C41AFDD4 /* Pods-MyOCR.debug.xcconfig */;
			buildSettings = {
				ASSETCATALOG_COMPILER_APPICON_NAME = AppIcon;
				DEVELOPMENT_TEAM = 7KBT9HS966;
				INFOPLIST_FILE = MyOCR/Info.plist;
				IPHONEOS_DEPLOYMENT_TARGET = 10.0;
				LD_RUNPATH_SEARCH_PATHS = "$(inherited) @executable_path/Frameworks";
				PRODUCT_BUNDLE_IDENTIFIER = com.lit.yuki.myocr.MyOCR;
				PRODUCT_NAME = "$(TARGET_NAME)";
				SWIFT_VERSION = 3.0;
			};
			name = Debug;
		};
		538CF4DB1F35834C008E9318 /* Release */ = {
			isa = XCBuildConfiguration;
			baseConfigurationReference = D6EAF03EEAD9F049E9E4169E /* Pods-MyOCR.release.xcconfig */;
			buildSettings = {
				ASSETCATALOG_COMPILER_APPICON_NAME = AppIcon;
				DEVELOPMENT_TEAM = 7KBT9HS966;
				INFOPLIST_FILE = MyOCR/Info.plist;
				IPHONEOS_DEPLOYMENT_TARGET = 10.0;
				LD_RUNPATH_SEARCH_PATHS = "$(inherited) @executable_path/Frameworks";
				PRODUCT_BUNDLE_IDENTIFIER = com.lit.yuki.myocr.MyOCR;
				PRODUCT_NAME = "$(TARGET_NAME)";
				SWIFT_VERSION = 3.0;
			};
			name = Release;
		};
/* End XCBuildConfiguration section */

/* Begin XCConfigurationList section */
		538CF4C21F35834C008E9318 /* Build configuration list for PBXProject "MyOCR" */ = {
			isa = XCConfigurationList;
			buildConfigurations = (
				538CF4D71F35834C008E9318 /* Debug */,
				538CF4D81F35834C008E9318 /* Release */,
			);
			defaultConfigurationIsVisible = 0;
			defaultConfigurationName = Release;
		};
		538CF4D91F35834C008E9318 /* Build configuration list for PBXNativeTarget "MyOCR" */ = {
			isa = XCConfigurationList;
			buildConfigurations = (
				538CF4DA1F35834C008E9318 /* Debug */,
				538CF4DB1F35834C008E9318 /* Release */,
			);
			defaultConfigurationIsVisible = 0;
			defaultConfigurationName = Release;
		};
/* End XCConfigurationList section */
	};
	rootObject = 538CF4BF1F35834C008E9318 /* Project object */;
}
